
Microsoft Visual Studio Solution File, Format Version 12.00
# Visual Studio Version 16
VisualStudioVersion = 16.0.29102.190
MinimumVisualStudioVersion = 10.0.40219.1
Project("{FAE04EC0-301F-11D3-BF4B-00C04F79EFBC}") = "GitImgs", "GitImgs.csproj", "{5836D873-AAAD-451F-BC75-EA8F7FB01D3B}"
EndProject
Global
	GlobalSection(SolutionConfigurationPlatforms) = preSolution
		Debug|Any CPU = Debug|Any CPU
		Release|Any CPU = Release|Any CPU
	EndGlobalSection
	GlobalSection(ProjectConfigurationPlatforms) = postSolution
		{5836D873-AAAD-451F-BC75-EA8F7FB01D3B}.Debug|Any CPU.ActiveCfg = Debug|Any CPU
		{5836D873-AAAD-451F-BC75-EA8F7FB01D3B}.Debug|Any CPU.Build.0 = Debug|Any CPU
		{5836D873-AAAD-451F-BC75-EA8F7FB01D3B}.Release|Any CPU.ActiveCfg = Release|Any CPU
		{5836D873-AAAD-451F-BC75-EA8F7FB01D3B}.Release|Any CPU.Build.0 = Release|Any CPU
	EndGlobalSection
	GlobalSection(SolutionProperties) = preSolution
		HideSolutionNode = FALSE
	EndGlobalSection
	GlobalSection(ExtensibilityGlobals) = postSolution
		SolutionGuid = {D41D7FB8-50EE-4E2A-9009-E155C35B2FD5}
	EndGlobalSection
EndGlobal
